
Microsoft Visual Studio Solution File, Format Version 12.00
# Visual Studio Version 17
VisualStudioVersion = 17.0.32014.148
MinimumVisualStudioVersion = 10.0.40219.1
Project("{FAE04EC0-301F-11D3-BF4B-00C04F79EFBC}") = "TestWebConnexionPostgreSQL", "TestWebConnexionPostgreSQL\TestWebConnexionPostgreSQL.csproj", "{5B9A97BC-5F6A-4675-ABD5-EF277858BCDE}"
EndProject
Global
	GlobalSection(SolutionConfigurationPlatforms) = preSolution
		Debug|Any CPU = Debug|Any CPU
		Release|Any CPU = Release|Any CPU
	EndGlobalSection
	GlobalSection(ProjectConfigurationPlatforms) = postSolution
		{5B9A97BC-5F6A-4675-ABD5-EF277858BCDE}.Debug|Any CPU.ActiveCfg = Debug|Any CPU
		{5B9A97BC-5F6A-4675-ABD5-EF277858BCDE}.Debug|Any CPU.Build.0 = Debug|Any CPU
		{5B9A97BC-5F6A-4675-ABD5-EF277858BCDE}.Release|Any CPU.ActiveCfg = Release|Any CPU
		{5B9A97BC-5F6A-4675-ABD5-EF277858BCDE}.Release|Any CPU.Build.0 = Release|Any CPU
	EndGlobalSection
	GlobalSection(SolutionProperties) = preSolution
		HideSolutionNode = FALSE
	EndGlobalSection
	GlobalSection(ExtensibilityGlobals) = postSolution
		SolutionGuid = {E614EF35-B5E7-4BCE-B959-6B198A454643}
	EndGlobalSection
EndGlobal
